
Microsoft Visual Studio Solution File, Format Version 12.00
# Visual Studio Version 16
VisualStudioVersion = 16.0.29519.181
MinimumVisualStudioVersion = 10.0.40219.1
Project("{9A19103F-16F7-4668-BE54-9A1E7A4F7556}") = "OnlineBookShop.API", "src\OnlineBookShop.API\OnlineBookShop.API.csproj", "{4835A9BE-9E8E-43AE-9C83-7B3C4D5B09E1}"
EndProject
Project("{9A19103F-16F7-4668-BE54-9A1E7A4F7556}") = "OnlineBookShop.Domain", "src\OnlineBookShop.Domain\OnlineBookShop.Domain.csproj", "{42467759-4182-40F8-8B21-1FBC7AAA2DD6}"
EndProject
Project("{9A19103F-16F7-4668-BE54-9A1E7A4F7556}") = "OnlineBookShop.Domain.EFMapping", "src\OnlineBookShop.Domain.EFMapping\OnlineBookShop.Domain.EFMapping.csproj", "{50771983-42DD-4DBE-947D-1B14EB90445A}"
EndProject
Global
	GlobalSection(SolutionConfigurationPlatforms) = preSolution
		Debug|Any CPU = Debug|Any CPU
		Release|Any CPU = Release|Any CPU
	EndGlobalSection
	GlobalSection(ProjectConfigurationPlatforms) = postSolution
		{4835A9BE-9E8E-43AE-9C83-7B3C4D5B09E1}.Debug|Any CPU.ActiveCfg = Debug|Any CPU
		{4835A9BE-9E8E-43AE-9C83-7B3C4D5B09E1}.Debug|Any CPU.Build.0 = Debug|Any CPU
		{4835A9BE-9E8E-43AE-9C83-7B3C4D5B09E1}.Release|Any CPU.ActiveCfg = Release|Any CPU
		{4835A9BE-9E8E-43AE-9C83-7B3C4D5B09E1}.Release|Any CPU.Build.0 = Release|Any CPU
		{42467759-4182-40F8-8B21-1FBC7AAA2DD6}.Debug|Any CPU.ActiveCfg = Debug|Any CPU
		{42467759-4182-40F8-8B21-1FBC7AAA2DD6}.Debug|Any CPU.Build.0 = Debug|Any CPU
		{42467759-4182-40F8-8B21-1FBC7AAA2DD6}.Release|Any CPU.ActiveCfg = Release|Any CPU
		{42467759-4182-40F8-8B21-1FBC7AAA2DD6}.Release|Any CPU.Build.0 = Release|Any CPU
		{50771983-42DD-4DBE-947D-1B14EB90445A}.Debug|Any CPU.ActiveCfg = Debug|Any CPU
		{50771983-42DD-4DBE-947D-1B14EB90445A}.Debug|Any CPU.Build.0 = Debug|Any CPU
		{50771983-42DD-4DBE-947D-1B14EB90445A}.Release|Any CPU.ActiveCfg = Release|Any CPU
		{50771983-42DD-4DBE-947D-1B14EB90445A}.Release|Any CPU.Build.0 = Release|Any CPU
	EndGlobalSection
	GlobalSection(SolutionProperties) = preSolution
		HideSolutionNode = FALSE
	EndGlobalSection
	GlobalSection(ExtensibilityGlobals) = postSolution
		SolutionGuid = {78C1AB0A-CF99-4CA8-A5F5-92660EE5D21A}
	EndGlobalSection
EndGlobal
