
Microsoft Visual Studio Solution File, Format Version 12.00
# Visual Studio Version 17
VisualStudioVersion = 17.0.32014.148
MinimumVisualStudioVersion = 10.0.40219.1
Project("{9A19103F-16F7-4668-BE54-9A1E7A4F7556}") = "OnlineBookShop.API", "src\OnlineBookShop.API\OnlineBookShop.API.csproj", "{4835A9BE-9E8E-43AE-9C83-7B3C4D5B09E1}"
EndProject
Project("{9A19103F-16F7-4668-BE54-9A1E7A4F7556}") = "OnlineBookShop.Domain", "src\OnlineBookShop.Domain\OnlineBookShop.Domain.csproj", "{42467759-4182-40F8-8B21-1FBC7AAA2DD6}"
EndProject
Project("{9A19103F-16F7-4668-BE54-9A1E7A4F7556}") = "OnlineBookShop.Bll", "src\OnlineBookShop.Bll\OnlineBookShop.Bll.csproj", "{F25B230C-5FDC-4E8A-BF76-F43CE69AC697}"
EndProject
Project("{9A19103F-16F7-4668-BE54-9A1E7A4F7556}") = "OnlineBookShop.Common", "src\OnlineBookShop.Common\OnlineBookShop.Common.csproj", "{19087CC1-04AC-4E0E-9025-ABE1FCC0CC84}"
EndProject
Project("{9A19103F-16F7-4668-BE54-9A1E7A4F7556}") = "OnlineBookShop.Dal", "src\OnlineBookShop.Dal\OnlineBookShop.Dal.csproj", "{A4E5C12F-15D0-4DB6-8FFC-7DE50B723DE2}"
EndProject
Global
	GlobalSection(SolutionConfigurationPlatforms) = preSolution
		Debug|Any CPU = Debug|Any CPU
		Release|Any CPU = Release|Any CPU
	EndGlobalSection
	GlobalSection(ProjectConfigurationPlatforms) = postSolution
		{4835A9BE-9E8E-43AE-9C83-7B3C4D5B09E1}.Debug|Any CPU.ActiveCfg = Debug|Any CPU
		{4835A9BE-9E8E-43AE-9C83-7B3C4D5B09E1}.Debug|Any CPU.Build.0 = Debug|Any CPU
		{4835A9BE-9E8E-43AE-9C83-7B3C4D5B09E1}.Release|Any CPU.ActiveCfg = Release|Any CPU
		{4835A9BE-9E8E-43AE-9C83-7B3C4D5B09E1}.Release|Any CPU.Build.0 = Release|Any CPU
		{42467759-4182-40F8-8B21-1FBC7AAA2DD6}.Debug|Any CPU.ActiveCfg = Debug|Any CPU
		{42467759-4182-40F8-8B21-1FBC7AAA2DD6}.Debug|Any CPU.Build.0 = Debug|Any CPU
		{42467759-4182-40F8-8B21-1FBC7AAA2DD6}.Release|Any CPU.ActiveCfg = Release|Any CPU
		{42467759-4182-40F8-8B21-1FBC7AAA2DD6}.Release|Any CPU.Build.0 = Release|Any CPU
		{F25B230C-5FDC-4E8A-BF76-F43CE69AC697}.Debug|Any CPU.ActiveCfg = Debug|Any CPU
		{F25B230C-5FDC-4E8A-BF76-F43CE69AC697}.Debug|Any CPU.Build.0 = Debug|Any CPU
		{F25B230C-5FDC-4E8A-BF76-F43CE69AC697}.Release|Any CPU.ActiveCfg = Release|Any CPU
		{F25B230C-5FDC-4E8A-BF76-F43CE69AC697}.Release|Any CPU.Build.0 = Release|Any CPU
		{19087CC1-04AC-4E0E-9025-ABE1FCC0CC84}.Debug|Any CPU.ActiveCfg = Debug|Any CPU
		{19087CC1-04AC-4E0E-9025-ABE1FCC0CC84}.Debug|Any CPU.Build.0 = Debug|Any CPU
		{19087CC1-04AC-4E0E-9025-ABE1FCC0CC84}.Release|Any CPU.ActiveCfg = Release|Any CPU
		{19087CC1-04AC-4E0E-9025-ABE1FCC0CC84}.Release|Any CPU.Build.0 = Release|Any CPU
		{A4E5C12F-15D0-4DB6-8FFC-7DE50B723DE2}.Debug|Any CPU.ActiveCfg = Debug|Any CPU
		{A4E5C12F-15D0-4DB6-8FFC-7DE50B723DE2}.Debug|Any CPU.Build.0 = Debug|Any CPU
		{A4E5C12F-15D0-4DB6-8FFC-7DE50B723DE2}.Release|Any CPU.ActiveCfg = Release|Any CPU
		{A4E5C12F-15D0-4DB6-8FFC-7DE50B723DE2}.Release|Any CPU.Build.0 = Release|Any CPU
	EndGlobalSection
	GlobalSection(SolutionProperties) = preSolution
		HideSolutionNode = FALSE
	EndGlobalSection
	GlobalSection(ExtensibilityGlobals) = postSolution
		SolutionGuid = {78C1AB0A-CF99-4CA8-A5F5-92660EE5D21A}
	EndGlobalSection
EndGlobal
